schema_version = 1
repository = "https://github.com/openai/codex.git"
commit = "963cda85aa2a4cfb85e52d771d22d9f3069951fa"
commit_date = "2026-07-22T04:54:54Z"
imported_on = "2026-07-22"
import_mode = "root-vendor"
protocol_fixture_version = 0
excluded_paths = [".git", ".codex"]
patched_components = []
